
Microsoft Visual Studio Solution File, Format Version 12.00
# Visual Studio Version 17
VisualStudioVersion = 17.12.35527.113 d17.12
MinimumVisualStudioVersion = 10.0.40219.1
Project("{FAE04EC0-301F-11D3-BF4B-00C04F79EFBC}") = "Restaurant.BusinessLayer", "Restaurant.BusinessLayer\Restaurant.BusinessLayer.csproj", "{F3EA5AC4-BCA4-4AD2-8478-BD45A8185964}"
EndProject
Project("{FAE04EC0-301F-11D3-BF4B-00C04F79EFBC}") = "Restaurant.EntityLayer", "Restaurant.EntityLayer\Restaurant.EntityLayer.csproj", "{1AB68701-3BAB-4BB7-A08D-94775C844B2B}"
EndProject
Project("{FAE04EC0-301F-11D3-BF4B-00C04F79EFBC}") = "Restaurant.DataAccessLayer", "Restaurant.DataAccessLayer\Restaurant.DataAccessLayer.csproj", "{D0262C7C-56A4-41D1-9808-AC09B3E0689D}"
EndProject
Project("{FAE04EC0-301F-11D3-BF4B-00C04F79EFBC}") = "Restaurant.API", "Restaurant.API\Restaurant.API.csproj", "{13D9DF1C-DA3E-4C1D-BA69-32B40D69A9AE}"
EndProject
Project("{FAE04EC0-301F-11D3-BF4B-00C04F79EFBC}") = "Restaurant.Consume", "Restaurant.Consume\Restaurant.Consume.csproj", "{FF51EB20-3392-497A-A711-73E009E06913}"
EndProject
Project("{FAE04EC0-301F-11D3-BF4B-00C04F79EFBC}") = "Restaurant.DTO", "Restaurant.DTO\Restaurant.DTO.csproj", "{06C6A26F-20F8-4A04-B407-087E8BCDB6FE}"
EndProject
Global
	GlobalSection(SolutionConfigurationPlatforms) = preSolution
		Debug|Any CPU = Debug|Any CPU
		Release|Any CPU = Release|Any CPU
	EndGlobalSection
	GlobalSection(ProjectConfigurationPlatforms) = postSolution
		{F3EA5AC4-BCA4-4AD2-8478-BD45A8185964}.Debug|Any CPU.ActiveCfg = Debug|Any CPU
		{F3EA5AC4-BCA4-4AD2-8478-BD45A8185964}.Debug|Any CPU.Build.0 = Debug|Any CPU
		{F3EA5AC4-BCA4-4AD2-8478-BD45A8185964}.Release|Any CPU.ActiveCfg = Release|Any CPU
		{F3EA5AC4-BCA4-4AD2-8478-BD45A8185964}.Release|Any CPU.Build.0 = Release|Any CPU
		{1AB68701-3BAB-4BB7-A08D-94775C844B2B}.Debug|Any CPU.ActiveCfg = Debug|Any CPU
		{1AB68701-3BAB-4BB7-A08D-94775C844B2B}.Debug|Any CPU.Build.0 = Debug|Any CPU
		{1AB68701-3BAB-4BB7-A08D-94775C844B2B}.Release|Any CPU.ActiveCfg = Release|Any CPU
		{1AB68701-3BAB-4BB7-A08D-94775C844B2B}.Release|Any CPU.Build.0 = Release|Any CPU
		{D0262C7C-56A4-41D1-9808-AC09B3E0689D}.Debug|Any CPU.ActiveCfg = Debug|Any CPU
		{D0262C7C-56A4-41D1-9808-AC09B3E0689D}.Debug|Any CPU.Build.0 = Debug|Any CPU
		{D0262C7C-56A4-41D1-9808-AC09B3E0689D}.Release|Any CPU.ActiveCfg = Release|Any CPU
		{D0262C7C-56A4-41D1-9808-AC09B3E0689D}.Release|Any CPU.Build.0 = Release|Any CPU
		{13D9DF1C-DA3E-4C1D-BA69-32B40D69A9AE}.Debug|Any CPU.ActiveCfg = Debug|Any CPU
		{13D9DF1C-DA3E-4C1D-BA69-32B40D69A9AE}.Debug|Any CPU.Build.0 = Debug|Any CPU
		{13D9DF1C-DA3E-4C1D-BA69-32B40D69A9AE}.Release|Any CPU.ActiveCfg = Release|Any CPU
		{13D9DF1C-DA3E-4C1D-BA69-32B40D69A9AE}.Release|Any CPU.Build.0 = Release|Any CPU
		{FF51EB20-3392-497A-A711-73E009E06913}.Debug|Any CPU.ActiveCfg = Debug|Any CPU
		{FF51EB20-3392-497A-A711-73E009E06913}.Debug|Any CPU.Build.0 = Debug|Any CPU
		{FF51EB20-3392-497A-A711-73E009E06913}.Release|Any CPU.ActiveCfg = Release|Any CPU
		{FF51EB20-3392-497A-A711-73E009E06913}.Release|Any CPU.Build.0 = Release|Any CPU
		{06C6A26F-20F8-4A04-B407-087E8BCDB6FE}.Debug|Any CPU.ActiveCfg = Debug|Any CPU
		{06C6A26F-20F8-4A04-B407-087E8BCDB6FE}.Debug|Any CPU.Build.0 = Debug|Any CPU
		{06C6A26F-20F8-4A04-B407-087E8BCDB6FE}.Release|Any CPU.ActiveCfg = Release|Any CPU
		{06C6A26F-20F8-4A04-B407-087E8BCDB6FE}.Release|Any CPU.Build.0 = Release|Any CPU
	EndGlobalSection
	GlobalSection(SolutionProperties) = preSolution
		HideSolutionNode = FALSE
	EndGlobalSection
EndGlobal
